// !$*UTF8*$!
{
	archiveVersion = 1;
	classes = {
	};
	objectVersion = 42;
	objects = {

/* Begin PBXBuildFile section */
		D40B1CCF0D066FC4004F49C4 /* OSXStackL2CAPServer.h in Headers */ = {isa = PBXBuildFile; fileRef = D40B1CCD0D066FC4004F49C4 /* OSXStackL2CAPServer.h */; };
		D40B1CD00D066FC4004F49C4 /* OSXStackL2CAPServer.mm in Sources */ = {isa = PBXBuildFile; fileRef = D40B1CCE0D066FC4004F49C4 /* OSXStackL2CAPServer.mm */; };
		D41C4FF60CDFEF6C00BF6B4D /* JavaVM.framework in Frameworks */ = {isa = PBXBuildFile; fileRef = D41C4FF50CDFEF6C00BF6B4D /* JavaVM.framework */; };
		D41C500A0CDFEF9D00BF6B4D /* commonTest.cpp in Sources */ = {isa = PBXBuildFile; fileRef = D41C50090CDFEF9D00BF6B4D /* commonTest.cpp */; };
		D41C500D0CDFEFC000BF6B4D /* common.cpp in Sources */ = {isa = PBXBuildFile; fileRef = D41C500B0CDFEFC000BF6B4D /* common.cpp */; };
		D41C500E0CDFEFC000BF6B4D /* common.h in Headers */ = {isa = PBXBuildFile; fileRef = D41C500C0CDFEFC000BF6B4D /* common.h */; };
		D41C50100CDFEFCC00BF6B4D /* com_intel_bluetooth_BluetoothStackOSX.h in Headers */ = {isa = PBXBuildFile; fileRef = D41C500F0CDFEFCC00BF6B4D /* com_intel_bluetooth_BluetoothStackOSX.h */; };
		D41C50650CE0030500BF6B4D /* OSXStack.mm in Sources */ = {isa = PBXBuildFile; fileRef = D41C50630CE0030500BF6B4D /* OSXStack.mm */; };
		D41C50660CE0030500BF6B4D /* OSXStack.h in Headers */ = {isa = PBXBuildFile; fileRef = D41C50640CE0030500BF6B4D /* OSXStack.h */; };
		D4850EF20CEE43B600C34419 /* com_intel_bluetooth_NativeTestInterfaces.h in Headers */ = {isa = PBXBuildFile; fileRef = D4850EF10CEE43B600C34419 /* com_intel_bluetooth_NativeTestInterfaces.h */; };
		D4850EF40CEE43CC00C34419 /* OSXStackTest.mm in Sources */ = {isa = PBXBuildFile; fileRef = D4850EF30CEE43CC00C34419 /* OSXStackTest.mm */; };
		D48DFA490CFA130F00113512 /* OSXStackRFCOMM.h in Headers */ = {isa = PBXBuildFile; fileRef = D48DFA470CFA130F00113512 /* OSXStackRFCOMM.h */; };
		D48DFA4A0CFA130F00113512 /* OSXStackRFCOMM.mm in Sources */ = {isa = PBXBuildFile; fileRef = D48DFA480CFA130F00113512 /* OSXStackRFCOMM.mm */; };
		D48E624F0D05E2C4006E9BC2 /* OSXStackSDPServer.h in Headers */ = {isa = PBXBuildFile; fileRef = D48E624D0D05E2C4006E9BC2 /* OSXStackSDPServer.h */; };
		D48E62500D05E2C4006E9BC2 /* OSXStackSDPServer.mm in Sources */ = {isa = PBXBuildFile; fileRef = D48E624E0D05E2C4006E9BC2 /* OSXStackSDPServer.mm */; };
		D4A3DE440CEC24F800D976AD /* OSXStackSDPQuery.h in Headers */ = {isa = PBXBuildFile; fileRef = D4A3DE420CEC24F800D976AD /* OSXStackSDPQuery.h */; };
		D4A3DE450CEC24F800D976AD /* OSXStackSDPQuery.mm in Sources */ = {isa = PBXBuildFile; fileRef = D4A3DE430CEC24F800D976AD /* OSXStackSDPQuery.mm */; };
		D4BAE7660CE2373C0025C976 /* OSXStackDiscovery.h in Headers */ = {isa = PBXBuildFile; fileRef = D4BAE7640CE2373C0025C976 /* OSXStackDiscovery.h */; };
		D4BAE7670CE2373C0025C976 /* OSXStackDiscovery.mm in Sources */ = {isa = PBXBuildFile; fileRef = D4BAE7650CE2373C0025C976 /* OSXStackDiscovery.mm */; };
		D4BAE7690CE241040025C976 /* Cocoa.framework in Frameworks */ = {isa = PBXBuildFile; fileRef = D4BAE7680CE241040025C976 /* Cocoa.framework */; };
		D4BAE76E0CE245800025C976 /* commonObjects.h in Headers */ = {isa = PBXBuildFile; fileRef = D4BAE76D0CE245800025C976 /* commonObjects.h */; };
		D4CBCF580D0223FB0087673A /* OSXStackRFCOMMServer.h in Headers */ = {isa = PBXBuildFile; fileRef = D4CBCF560D0223FB0087673A /* OSXStackRFCOMMServer.h */; };
		D4CBCF590D0223FB0087673A /* OSXStackRFCOMMServer.mm in Sources */ = {isa = PBXBuildFile; fileRef = D4CBCF570D0223FB0087673A /* OSXStackRFCOMMServer.mm */; };
		D4EBD1DC0CE012CB00BFA44D /* IOBluetooth.framework in Frameworks */ = {isa = PBXBuildFile; fileRef = D4EBD1DB0CE012CB00BFA44D /* IOBluetooth.framework */; };
		D4EBD1E20CE013E500BFA44D /* libbluecove.jnilib in CopyFiles */ = {isa = PBXBuildFile; fileRef = D2AAC0630554660B00DB518D /* libbluecove.jnilib */; };
		D4FBF5EA0CFC98DD0074C8F7 /* OSXStackL2CAP.h in Headers */ = {isa = PBXBuildFile; fileRef = D4FBF5E80CFC98DD0074C8F7 /* OSXStackL2CAP.h */; };
		D4FBF5EB0CFC98DD0074C8F7 /* OSXStackL2CAP.mm in Sources */ = {isa = PBXBuildFile; fileRef = D4FBF5E90CFC98DD0074C8F7 /* OSXStackL2CAP.mm */; };
		D4FBF6000CFCAAEC0074C8F7 /* OSXStackChannelController.h in Headers */ = {isa = PBXBuildFile; fileRef = D4FBF5FE0CFCAAEC0074C8F7 /* OSXStackChannelController.h */; };
		D4FBF6010CFCAAEC0074C8F7 /* OSXStackChannelController.mm in Sources */ = {isa = PBXBuildFile; fileRef = D4FBF5FF0CFCAAEC0074C8F7 /* OSXStackChannelController.mm */; };
/* End PBXBuildFile section */

/* Begin PBXCopyFilesBuildPhase section */
		D4EBD1E00CE0136B00BFA44D /* CopyFiles */ = {
			isa = PBXCopyFilesBuildPhase;
			buildActionMask = 2147483647;
			dstPath = ./../../../../resources;
			dstSubfolderSpec = 16;
			files = (
				D4EBD1E20CE013E500BFA44D /* libbluecove.jnilib in CopyFiles */,
			);
			runOnlyForDeploymentPostprocessing = 0;
		};
/* End PBXCopyFilesBuildPhase section */

/* Begin PBXFileReference section */
		D2AAC0630554660B00DB518D /* libbluecove.jnilib */ = {isa = PBXFileReference; explicitFileType = "compiled.mach-o.dylib"; includeInIndex = 0; path = libbluecove.jnilib; sourceTree = BUILT_PRODUCTS_DIR; };
		D40B1CCD0D066FC4004F49C4 /* OSXStackL2CAPServer.h */ = {isa = PBXFileReference; fileEncoding = 30; lastKnownFileType = sourcecode.c.h; path = OSXStackL2CAPServer.h; sourceTree = "<group>"; };
		D40B1CCE0D066FC4004F49C4 /* OSXStackL2CAPServer.mm */ = {isa = PBXFileReference; fileEncoding = 30; lastKnownFileType = sourcecode.cpp.objcpp; path = OSXStackL2CAPServer.mm; sourceTree = "<group>"; };
		D41C4FF50CDFEF6C00BF6B4D /* JavaVM.framework */ = {isa = PBXFileReference; lastKnownFileType = wrapper.framework; name = JavaVM.framework; path = /System/Library/Frameworks/JavaVM.framework; sourceTree = "<absolute>"; };
		D41C50090CDFEF9D00BF6B4D /* commonTest.cpp */ = {isa = PBXFileReference; fileEncoding = 30; lastKnownFileType = sourcecode.cpp.cpp; path = commonTest.cpp; sourceTree = "<group>"; };
		D41C500B0CDFEFC000BF6B4D /* common.cpp */ = {isa = PBXFileReference; fileEncoding = 30; lastKnownFileType = sourcecode.cpp.cpp; path = common.cpp; sourceTree = "<group>"; };
		D41C500C0CDFEFC000BF6B4D /* common.h */ = {isa = PBXFileReference; fileEncoding = 30; lastKnownFileType = sourcecode.c.h; path = common.h; sourceTree = "<group>"; };
		D41C500F0CDFEFCC00BF6B4D /* com_intel_bluetooth_BluetoothStackOSX.h */ = {isa = PBXFileReference; fileEncoding = 30; lastKnownFileType = sourcecode.c.h; path = com_intel_bluetooth_BluetoothStackOSX.h; sourceTree = "<group>"; };
		D41C503D0CDFFA9900BF6B4D /* Carbon.framework */ = {isa = PBXFileReference; lastKnownFileType = wrapper.framework; name = Carbon.framework; path = /System/Library/Frameworks/Carbon.framework; sourceTree = "<absolute>"; };
		D41C50630CE0030500BF6B4D /* OSXStack.mm */ = {isa = PBXFileReference; fileEncoding = 30; lastKnownFileType = sourcecode.cpp.objcpp; path = OSXStack.mm; sourceTree = "<group>"; };
		D41C50640CE0030500BF6B4D /* OSXStack.h */ = {isa = PBXFileReference; fileEncoding = 30; lastKnownFileType = sourcecode.c.h; path = OSXStack.h; sourceTree = "<group>"; };
		D44659E30CE2A5A0006C2782 /* IOKit.framework */ = {isa = PBXFileReference; lastKnownFileType = wrapper.framework; name = IOKit.framework; path = /System/Library/Frameworks/IOKit.framework; sourceTree = "<absolute>"; };
		D4850EF10CEE43B600C34419 /* com_intel_bluetooth_NativeTestInterfaces.h */ = {isa = PBXFileReference; fileEncoding = 30; lastKnownFileType = sourcecode.c.h; path = com_intel_bluetooth_NativeTestInterfaces.h; sourceTree = "<group>"; };
		D4850EF30CEE43CC00C34419 /* OSXStackTest.mm */ = {isa = PBXFileReference; fileEncoding = 30; lastKnownFileType = sourcecode.cpp.objcpp; path = OSXStackTest.mm; sourceTree = "<group>"; };
		D48DFA470CFA130F00113512 /* OSXStackRFCOMM.h */ = {isa = PBXFileReference; fileEncoding = 30; lastKnownFileType = sourcecode.c.h; path = OSXStackRFCOMM.h; sourceTree = "<group>"; };
		D48DFA480CFA130F00113512 /* OSXStackRFCOMM.mm */ = {isa = PBXFileReference; fileEncoding = 30; lastKnownFileType = sourcecode.cpp.objcpp; path = OSXStackRFCOMM.mm; sourceTree = "<group>"; };
		D48E624D0D05E2C4006E9BC2 /* OSXStackSDPServer.h */ = {isa = PBXFileReference; fileEncoding = 30; lastKnownFileType = sourcecode.c.h; path = OSXStackSDPServer.h; sourceTree = "<group>"; };
		D48E624E0D05E2C4006E9BC2 /* OSXStackSDPServer.mm */ = {isa = PBXFileReference; fileEncoding = 30; lastKnownFileType = sourcecode.cpp.objcpp; path = OSXStackSDPServer.mm; sourceTree = "<group>"; };
		D4A3DE420CEC24F800D976AD /* OSXStackSDPQuery.h */ = {isa = PBXFileReference; fileEncoding = 30; lastKnownFileType = sourcecode.c.h; path = OSXStackSDPQuery.h; sourceTree = "<group>"; };
		D4A3DE430CEC24F800D976AD /* OSXStackSDPQuery.mm */ = {isa = PBXFileReference; fileEncoding = 30; lastKnownFileType = sourcecode.cpp.objcpp; path = OSXStackSDPQuery.mm; sourceTree = "<group>"; };
		D4BAE7640CE2373C0025C976 /* OSXStackDiscovery.h */ = {isa = PBXFileReference; fileEncoding = 4; lastKnownFileType = sourcecode.c.h; path = OSXStackDiscovery.h; sourceTree = "<group>"; };
		D4BAE7650CE2373C0025C976 /* OSXStackDiscovery.mm */ = {isa = PBXFileReference; fileEncoding = 4; lastKnownFileType = sourcecode.cpp.objcpp; path = OSXStackDiscovery.mm; sourceTree = "<group>"; };
		D4BAE7680CE241040025C976 /* Cocoa.framework */ = {isa = PBXFileReference; lastKnownFileType = wrapper.framework; name = Cocoa.framework; path = /System/Library/Frameworks/Cocoa.framework; sourceTree = "<absolute>"; };
		D4BAE76D0CE245800025C976 /* commonObjects.h */ = {isa = PBXFileReference; fileEncoding = 30; lastKnownFileType = sourcecode.c.h; path = commonObjects.h; sourceTree = "<group>"; };
		D4CBCF560D0223FB0087673A /* OSXStackRFCOMMServer.h */ = {isa = PBXFileReference; fileEncoding = 30; lastKnownFileType = sourcecode.c.h; path = OSXStackRFCOMMServer.h; sourceTree = "<group>"; };
		D4CBCF570D0223FB0087673A /* OSXStackRFCOMMServer.mm */ = {isa = PBXFileReference; fileEncoding = 30; lastKnownFileType = sourcecode.cpp.objcpp; path = OSXStackRFCOMMServer.mm; sourceTree = "<group>"; };
		D4EBD1DB0CE012CB00BFA44D /* IOBluetooth.framework */ = {isa = PBXFileReference; lastKnownFileType = wrapper.framework; name = IOBluetooth.framework; path = /System/Library/Frameworks/IOBluetooth.framework; sourceTree = "<absolute>"; };
		D4FBF5E80CFC98DD0074C8F7 /* OSXStackL2CAP.h */ = {isa = PBXFileReference; fileEncoding = 30; lastKnownFileType = sourcecode.c.h; path = OSXStackL2CAP.h; sourceTree = "<group>"; };
		D4FBF5E90CFC98DD0074C8F7 /* OSXStackL2CAP.mm */ = {isa = PBXFileReference; fileEncoding = 30; lastKnownFileType = sourcecode.cpp.objcpp; path = OSXStackL2CAP.mm; sourceTree = "<group>"; };
		D4FBF5FE0CFCAAEC0074C8F7 /* OSXStackChannelController.h */ = {isa = PBXFileReference; fileEncoding = 30; lastKnownFileType = sourcecode.c.h; path = OSXStackChannelController.h; sourceTree = "<group>"; };
		D4FBF5FF0CFCAAEC0074C8F7 /* OSXStackChannelController.mm */ = {isa = PBXFileReference; fileEncoding = 30; lastKnownFileType = sourcecode.cpp.objcpp; path = OSXStackChannelController.mm; sourceTree = "<group>"; };
/* End PBXFileReference section */

/* Begin PBXFrameworksBuildPhase section */
		D289988505E68E00004EDB86 /* Frameworks */ = {
			isa = PBXFrameworksBuildPhase;
			buildActionMask = 2147483647;
			files = (
				D41C4FF60CDFEF6C00BF6B4D /* JavaVM.framework in Frameworks */,
				D4EBD1DC0CE012CB00BFA44D /* IOBluetooth.framework in Frameworks */,
				D4BAE7690CE241040025C976 /* Cocoa.framework in Frameworks */,
			);
			runOnlyForDeploymentPostprocessing = 0;
		};
/* End PBXFrameworksBuildPhase section */

/* Begin PBXGroup section */
		08FB7794FE84155DC02AAC07 /* bluecove */ = {
			isa = PBXGroup;
			children = (
				D44659E30CE2A5A0006C2782 /* IOKit.framework */,
				D4BAE7680CE241040025C976 /* Cocoa.framework */,
				D4EBD1DB0CE012CB00BFA44D /* IOBluetooth.framework */,
				D41C503D0CDFFA9900BF6B4D /* Carbon.framework */,
				D41C4FF50CDFEF6C00BF6B4D /* JavaVM.framework */,
				08FB7795FE84155DC02AAC07 /* Source */,
				1AB674ADFE9D54B511CA2CBB /* Products */,
			);
			name = bluecove;
			sourceTree = "<group>";
		};
		08FB7795FE84155DC02AAC07 /* Source */ = {
			isa = PBXGroup;
			children = (
				D40B1CCD0D066FC4004F49C4 /* OSXStackL2CAPServer.h */,
				D40B1CCE0D066FC4004F49C4 /* OSXStackL2CAPServer.mm */,
				D48E624D0D05E2C4006E9BC2 /* OSXStackSDPServer.h */,
				D48E624E0D05E2C4006E9BC2 /* OSXStackSDPServer.mm */,
				D4CBCF560D0223FB0087673A /* OSXStackRFCOMMServer.h */,
				D4CBCF570D0223FB0087673A /* OSXStackRFCOMMServer.mm */,
				D4FBF5FE0CFCAAEC0074C8F7 /* OSXStackChannelController.h */,
				D4FBF5FF0CFCAAEC0074C8F7 /* OSXStackChannelController.mm */,
				D4FBF5E80CFC98DD0074C8F7 /* OSXStackL2CAP.h */,
				D4FBF5E90CFC98DD0074C8F7 /* OSXStackL2CAP.mm */,
				D48DFA470CFA130F00113512 /* OSXStackRFCOMM.h */,
				D48DFA480CFA130F00113512 /* OSXStackRFCOMM.mm */,
				D4850EF30CEE43CC00C34419 /* OSXStackTest.mm */,
				D4850EF10CEE43B600C34419 /* com_intel_bluetooth_NativeTestInterfaces.h */,
				D4A3DE420CEC24F800D976AD /* OSXStackSDPQuery.h */,
				D4A3DE430CEC24F800D976AD /* OSXStackSDPQuery.mm */,
				D4BAE76D0CE245800025C976 /* commonObjects.h */,
				D41C50630CE0030500BF6B4D /* OSXStack.mm */,
				D41C50640CE0030500BF6B4D /* OSXStack.h */,
				D41C500F0CDFEFCC00BF6B4D /* com_intel_bluetooth_BluetoothStackOSX.h */,
				D41C500B0CDFEFC000BF6B4D /* common.cpp */,
				D41C500C0CDFEFC000BF6B4D /* common.h */,
				D41C50090CDFEF9D00BF6B4D /* commonTest.cpp */,
				D4BAE7640CE2373C0025C976 /* OSXStackDiscovery.h */,
				D4BAE7650CE2373C0025C976 /* OSXStackDiscovery.mm */,
			);
			name = Source;
			sourceTree = "<group>";
		};
		1AB674ADFE9D54B511CA2CBB /* Products */ = {
			isa = PBXGroup;
			children = (
				D2AAC0630554660B00DB518D /* libbluecove.jnilib */,
			);
			name = Products;
			sourceTree = "<group>";
		};
/* End PBXGroup section */

/* Begin PBXHeadersBuildPhase section */
		D2AAC0600554660B00DB518D /* Headers */ = {
			isa = PBXHeadersBuildPhase;
			buildActionMask = 2147483647;
			files = (
				D41C500E0CDFEFC000BF6B4D /* common.h in Headers */,
				D41C50100CDFEFCC00BF6B4D /* com_intel_bluetooth_BluetoothStackOSX.h in Headers */,
				D41C50660CE0030500BF6B4D /* OSXStack.h in Headers */,
				D4BAE7660CE2373C0025C976 /* OSXStackDiscovery.h in Headers */,
				D4BAE76E0CE245800025C976 /* commonObjects.h in Headers */,
				D4A3DE440CEC24F800D976AD /* OSXStackSDPQuery.h in Headers */,
				D4850EF20CEE43B600C34419 /* com_intel_bluetooth_NativeTestInterfaces.h in Headers */,
				D48DFA490CFA130F00113512 /* OSXStackRFCOMM.h in Headers */,
				D4FBF5EA0CFC98DD0074C8F7 /* OSXStackL2CAP.h in Headers */,
				D4FBF6000CFCAAEC0074C8F7 /* OSXStackChannelController.h in Headers */,
				D4CBCF580D0223FB0087673A /* OSXStackRFCOMMServer.h in Headers */,
				D48E624F0D05E2C4006E9BC2 /* OSXStackSDPServer.h in Headers */,
				D40B1CCF0D066FC4004F49C4 /* OSXStackL2CAPServer.h in Headers */,
			);
			runOnlyForDeploymentPostprocessing = 0;
		};
/* End PBXHeadersBuildPhase section */

/* Begin PBXNativeTarget section */
		D2AAC0620554660B00DB518D /* bluecove */ = {
			isa = PBXNativeTarget;
			buildConfigurationList = 1DEB914A08733D8E0010E9CD /* Build configuration list for PBXNativeTarget "bluecove" */;
			buildPhases = (
				D2AAC0600554660B00DB518D /* Headers */,
				D2AAC0610554660B00DB518D /* Sources */,
				D289988505E68E00004EDB86 /* Frameworks */,
				D4EBD1E00CE0136B00BFA44D /* CopyFiles */,
			);
			buildRules = (
			);
			dependencies = (
			);
			name = bluecove;
			productName = bluecove;
			productReference = D2AAC0630554660B00DB518D /* libbluecove.jnilib */;
			productType = "com.apple.product-type.library.dynamic";
		};
/* End PBXNativeTarget section */

/* Begin PBXProject section */
		08FB7793FE84155DC02AAC07 /* Project object */ = {
			isa = PBXProject;
			buildConfigurationList = 1DEB914E08733D8E0010E9CD /* Build configuration list for PBXProject "bluecove" */;
			compatibilityVersion = "Xcode 2.4";
			hasScannedForEncodings = 1;
			mainGroup = 08FB7794FE84155DC02AAC07 /* bluecove */;
			projectDirPath = "";
			projectRoot = "";
			targets = (
				D2AAC0620554660B00DB518D /* bluecove */,
			);
		};
/* End PBXProject section */

/* Begin PBXSourcesBuildPhase section */
		D2AAC0610554660B00DB518D /* Sources */ = {
			isa = PBXSourcesBuildPhase;
			buildActionMask = 2147483647;
			files = (
				D41C500A0CDFEF9D00BF6B4D /* commonTest.cpp in Sources */,
				D41C500D0CDFEFC000BF6B4D /* common.cpp in Sources */,
				D41C50650CE0030500BF6B4D /* OSXStack.mm in Sources */,
				D4BAE7670CE2373C0025C976 /* OSXStackDiscovery.mm in Sources */,
				D4A3DE450CEC24F800D976AD /* OSXStackSDPQuery.mm in Sources */,
				D4850EF40CEE43CC00C34419 /* OSXStackTest.mm in Sources */,
				D48DFA4A0CFA130F00113512 /* OSXStackRFCOMM.mm in Sources */,
				D4FBF5EB0CFC98DD0074C8F7 /* OSXStackL2CAP.mm in Sources */,
				D4FBF6010CFCAAEC0074C8F7 /* OSXStackChannelController.mm in Sources */,
				D4CBCF590D0223FB0087673A /* OSXStackRFCOMMServer.mm in Sources */,
				D48E62500D05E2C4006E9BC2 /* OSXStackSDPServer.mm in Sources */,
				D40B1CD00D066FC4004F49C4 /* OSXStackL2CAPServer.mm in Sources */,
			);
			runOnlyForDeploymentPostprocessing = 0;
		};
/* End PBXSourcesBuildPhase section */

/* Begin XCBuildConfiguration section */
		1DEB914B08733D8E0010E9CD /* Debug */ = {
			isa = XCBuildConfiguration;
			buildSettings = {
				COPY_PHASE_STRIP = NO;
				EXECUTABLE_PREFIX = lib;
				GCC_DYNAMIC_NO_PIC = NO;
				GCC_ENABLE_FIX_AND_CONTINUE = YES;
				GCC_MODEL_TUNING = G5;
				GCC_OPTIMIZATION_LEVEL = 0;
				INSTALL_PATH = /usr/local/lib;
				PRODUCT_NAME = bluecove;
				ZERO_LINK = YES;
			};
			name = Debug;
		};
		1DEB914C08733D8E0010E9CD /* Release */ = {
			isa = XCBuildConfiguration;
			buildSettings = {
				ARCHS = (
					ppc,
					i386,
				);
				EXECUTABLE_PREFIX = lib;
				GCC_GENERATE_DEBUGGING_SYMBOLS = NO;
				GCC_MODEL_TUNING = G5;
				INSTALL_PATH = /usr/local/lib;
				PRODUCT_NAME = bluecove;
			};
			name = Release;
		};
		1DEB914F08733D8E0010E9CD /* Debug */ = {
			isa = XCBuildConfiguration;
			buildSettings = {
				ARCHS = (
					i386,
					ppc,
				);
				EXECUTABLE_EXTENSION = jnilib;
				EXECUTABLE_PREFIX = lib;
				GCC_ENABLE_OBJC_EXCEPTIONS = YES;
				GCC_WARN_ABOUT_RETURN_TYPE = YES;
				GCC_WARN_UNUSED_VARIABLE = YES;
				HEADER_SEARCH_PATHS = (
					"$(SDKROOT)/System/Library/Frameworks/JavaVM.framework/Headers",
					"$(inherited)",
				);
				PREBINDING = NO;
				SDKROOT = /Developer/SDKs/MacOSX10.5.sdk;
			};
			name = Debug;
		};
		1DEB915008733D8E0010E9CD /* Release */ = {
			isa = XCBuildConfiguration;
			buildSettings = {
				ARCHS = (
					i386,
					ppc,
				);
				EXECUTABLE_EXTENSION = jnilib;
				EXECUTABLE_PREFIX = lib;
				GCC_ENABLE_OBJC_EXCEPTIONS = YES;
				GCC_WARN_ABOUT_RETURN_TYPE = YES;
				GCC_WARN_UNUSED_VARIABLE = YES;
				HEADER_SEARCH_PATHS = (
					"$(SDKROOT)/System/Library/Frameworks/JavaVM.framework/Headers",
					"$(inherited)",
				);
				PREBINDING = NO;
				SDKROOT = /Developer/SDKs/MacOSX10.5.sdk;
			};
			name = Release;
		};
/* End XCBuildConfiguration section */

/* Begin XCConfigurationList section */
		1DEB914A08733D8E0010E9CD /* Build configuration list for PBXNativeTarget "bluecove" */ = {
			isa = XCConfigurationList;
			buildConfigurations = (
				1DEB914B08733D8E0010E9CD /* Debug */,
				1DEB914C08733D8E0010E9CD /* Release */,
			);
			defaultConfigurationIsVisible = 0;
			defaultConfigurationName = Release;
		};
		1DEB914E08733D8E0010E9CD /* Build configuration list for PBXProject "bluecove" */ = {
			isa = XCConfigurationList;
			buildConfigurations = (
				1DEB914F08733D8E0010E9CD /* Debug */,
				1DEB915008733D8E0010E9CD /* Release */,
			);
			defaultConfigurationIsVisible = 0;
			defaultConfigurationName = Release;
		};
/* End XCConfigurationList section */
	};
	rootObject = 08FB7793FE84155DC02AAC07 /* Project object */;
}
