Microsoft Visual Studio Solution File, Format Version 9.00
# Visual C++ Express 2005
Project("{8BC9CEB8-8B4A-11D0-8D11-00A0C91BC942}") = "intelbth", "intelbth.vcproj", "{DE2D9A0D-E17B-4DB0-B280-7DF45D3B6E2B}"
EndProject
Global
	GlobalSection(SolutionConfigurationPlatforms) = preSolution
		Winsock|Pocket PC 2003 (ARMV4) = Winsock|Pocket PC 2003 (ARMV4)
		Winsock|Smartphone 2003 (ARMV4) = Winsock|Smartphone 2003 (ARMV4)
		Winsock|Win32 = Winsock|Win32
		Winsock|Windows Mobile 5.0 Pocket PC SDK (ARMV4I) = Winsock|Windows Mobile 5.0 Pocket PC SDK (ARMV4I)
		Winsock|Windows Mobile 5.0 Smartphone SDK (ARMV4I) = Winsock|Windows Mobile 5.0 Smartphone SDK (ARMV4I)
		WIDCOMM|Pocket PC 2003 (ARMV4) = WIDCOMM|Pocket PC 2003 (ARMV4)
		WIDCOMM|Smartphone 2003 (ARMV4) = WIDCOMM|Smartphone 2003 (ARMV4)
		WIDCOMM|Win32 = WIDCOMM|Win32
		WIDCOMM|Windows Mobile 5.0 Pocket PC SDK (ARMV4I) = WIDCOMM|Windows Mobile 5.0 Pocket PC SDK (ARMV4I)
		WIDCOMM|Windows Mobile 5.0 Smartphone SDK (ARMV4I) = WIDCOMM|Windows Mobile 5.0 Smartphone SDK (ARMV4I)
	EndGlobalSection
	GlobalSection(ProjectConfigurationPlatforms) = postSolution
		{DE2D9A0D-E17B-4DB0-B280-7DF45D3B6E2B}.Winsock|Pocket PC 2003 (ARMV4).ActiveCfg = Winsock|Win32
		{DE2D9A0D-E17B-4DB0-B280-7DF45D3B6E2B}.Winsock|Smartphone 2003 (ARMV4).ActiveCfg = Winsock|Win32
		{DE2D9A0D-E17B-4DB0-B280-7DF45D3B6E2B}.Winsock|Win32.ActiveCfg = Winsock|Win32
		{DE2D9A0D-E17B-4DB0-B280-7DF45D3B6E2B}.Winsock|Win32.Build.0 = Winsock|Win32
		{DE2D9A0D-E17B-4DB0-B280-7DF45D3B6E2B}.Winsock|Windows Mobile 5.0 Pocket PC SDK (ARMV4I).ActiveCfg = Winsock|Win32
		{DE2D9A0D-E17B-4DB0-B280-7DF45D3B6E2B}.Winsock|Windows Mobile 5.0 Smartphone SDK (ARMV4I).ActiveCfg = Winsock|Win32
		{DE2D9A0D-E17B-4DB0-B280-7DF45D3B6E2B}.WIDCOMM|Pocket PC 2003 (ARMV4).ActiveCfg = WIDCOMM|Win32
		{DE2D9A0D-E17B-4DB0-B280-7DF45D3B6E2B}.WIDCOMM|Smartphone 2003 (ARMV4).ActiveCfg = WIDCOMM|Win32
		{DE2D9A0D-E17B-4DB0-B280-7DF45D3B6E2B}.WIDCOMM|Win32.ActiveCfg = WIDCOMM|Win32
		{DE2D9A0D-E17B-4DB0-B280-7DF45D3B6E2B}.WIDCOMM|Win32.Build.0 = WIDCOMM|Win32
		{DE2D9A0D-E17B-4DB0-B280-7DF45D3B6E2B}.WIDCOMM|Windows Mobile 5.0 Pocket PC SDK (ARMV4I).ActiveCfg = WIDCOMM|Win32
		{DE2D9A0D-E17B-4DB0-B280-7DF45D3B6E2B}.WIDCOMM|Windows Mobile 5.0 Smartphone SDK (ARMV4I).ActiveCfg = WIDCOMM|Win32
	EndGlobalSection
	GlobalSection(SolutionProperties) = preSolution
		HideSolutionNode = FALSE
	EndGlobalSection
EndGlobal
